
Microsoft Visual Studio Solution File, Format Version 12.00
# Visual Studio Version 16
VisualStudioVersion = 16.0.30406.217
MinimumVisualStudioVersion = 10.0.40219.1
Project("{FAE04EC0-301F-11D3-BF4B-00C04F79EFBC}") = "BasicSingletonPattern-WrongWay", "SingletonPattern\BasicSingletonPattern-WrongWay.csproj", "{64140A17-5312-440F-A970-4AA70ED09B18}"
EndProject
Project("{FAE04EC0-301F-11D3-BF4B-00C04F79EFBC}") = "SingletonPattern-RightWay", "SingletonPattern-RightWay\SingletonPattern-RightWay.csproj", "{BD24F850-2E02-4EFD-A0B4-C342848735C3}"
EndProject
Global
	GlobalSection(SolutionConfigurationPlatforms) = preSolution
		Debug|Any CPU = Debug|Any CPU
		Release|Any CPU = Release|Any CPU
	EndGlobalSection
	GlobalSection(ProjectConfigurationPlatforms) = postSolution
		{64140A17-5312-440F-A970-4AA70ED09B18}.Debug|Any CPU.ActiveCfg = Debug|Any CPU
		{64140A17-5312-440F-A970-4AA70ED09B18}.Debug|Any CPU.Build.0 = Debug|Any CPU
		{64140A17-5312-440F-A970-4AA70ED09B18}.Release|Any CPU.ActiveCfg = Release|Any CPU
		{64140A17-5312-440F-A970-4AA70ED09B18}.Release|Any CPU.Build.0 = Release|Any CPU
		{BD24F850-2E02-4EFD-A0B4-C342848735C3}.Debug|Any CPU.ActiveCfg = Debug|Any CPU
		{BD24F850-2E02-4EFD-A0B4-C342848735C3}.Debug|Any CPU.Build.0 = Debug|Any CPU
		{BD24F850-2E02-4EFD-A0B4-C342848735C3}.Release|Any CPU.ActiveCfg = Release|Any CPU
		{BD24F850-2E02-4EFD-A0B4-C342848735C3}.Release|Any CPU.Build.0 = Release|Any CPU
	EndGlobalSection
	GlobalSection(SolutionProperties) = preSolution
		HideSolutionNode = FALSE
	EndGlobalSection
	GlobalSection(ExtensibilityGlobals) = postSolution
		SolutionGuid = {9D61B36D-28F7-4B87-B59B-3B3111DE5C48}
	EndGlobalSection
EndGlobal
