
Microsoft Visual Studio Solution File, Format Version 12.00
# Visual Studio Version 16
VisualStudioVersion = 16.0.30907.101
MinimumVisualStudioVersion = 10.0.40219.1
Project("{FAE04EC0-301F-11D3-BF4B-00C04F79EFBC}") = "PrototypePattern", "PrototypePattern\PrototypePattern.csproj", "{E9CB450F-C910-448F-99C0-5739026FD402}"
EndProject
Global
	GlobalSection(SolutionConfigurationPlatforms) = preSolution
		Debug|Any CPU = Debug|Any CPU
		Release|Any CPU = Release|Any CPU
	EndGlobalSection
	GlobalSection(ProjectConfigurationPlatforms) = postSolution
		{E9CB450F-C910-448F-99C0-5739026FD402}.Debug|Any CPU.ActiveCfg = Debug|Any CPU
		{E9CB450F-C910-448F-99C0-5739026FD402}.Debug|Any CPU.Build.0 = Debug|Any CPU
		{E9CB450F-C910-448F-99C0-5739026FD402}.Release|Any CPU.ActiveCfg = Release|Any CPU
		{E9CB450F-C910-448F-99C0-5739026FD402}.Release|Any CPU.Build.0 = Release|Any CPU
	EndGlobalSection
	GlobalSection(SolutionProperties) = preSolution
		HideSolutionNode = FALSE
	EndGlobalSection
	GlobalSection(ExtensibilityGlobals) = postSolution
		SolutionGuid = {A9D5DC7A-FD2D-4904-A26B-F58BA9CDEADB}
	EndGlobalSection
EndGlobal
